{
  "name": "jcapi-powershell",
  "lockfileVersion": 3,
  "requires": true,
  "packages": {
    "": {
      "name": "jcapi-powershell",
      "dependencies": {
        "@autorest/core": "3.6.6",
        "@autorest/powershell": "3.0.463",
        "autorest": "3.4.2"
      }
    },
    "node_modules/@autorest/core": {
      "version": "3.6.6",
      "resolved": "https://registry.npmjs.org/@autorest/core/-/core-3.6.6.tgz",
      "integrity": "sha512-7ok+us4Wyna2OzlFUcWRtowUoVmbZzgQ/swOx9HWZP11nH1x8eRbTvID1rggDBCJUn+lfvi0Fp7upPh6/pYy4A==",
      "bin": {
        "autorest-core": "entrypoints/app.js",
        "autorest-language-service": "entrypoints/language-service.js"
      },
      "engines": {
        "node": ">=12.0.0"
      }
    },
    "node_modules/@autorest/powershell": {
      "version": "3.0.463",
      "resolved": "https://registry.npmjs.org/@autorest/powershell/-/powershell-3.0.463.tgz",
      "integrity": "sha512-pK4XVQaJwPaOIAODt8Q+/YPtE2Ft/LPQOx90scmyNBk/+wSlVT2Dh3pc1j2JgKwGuloog46OYEA6sT3fMUo1eA==",
      "dependencies": {
        "@azure-tools/async-io": "~3.0.0",
        "@azure-tools/autorest-extension-base": "~3.1.0",
        "@azure-tools/codegen": "~2.5.276",
        "@azure-tools/codegen-csharp": "~3.0.0",
        "@azure-tools/codemodel": "~4.13.342",
        "@azure-tools/codemodel-v3": "~3.1.0",
        "@azure-tools/linq": "~3.1.0",
        "@azure-tools/tasks": "~3.0.0",
        "js-yaml": "3.13.1",
        "source-map-support": "0.5.13",
        "xmlbuilder": "10.1.1"
      },
      "engines": {
        "node": ">=10.12.0"
      }
    },
    "node_modules/@azure-tools/async-io": {
      "version": "3.0.254",
      "resolved": "https://registry.npmjs.org/@azure-tools/async-io/-/async-io-3.0.254.tgz",
      "integrity": "sha512-X1C7XdyCuo50ch9FzKtTvmK18FgDxxf1Bbt3cSoknQqeDaRegHSSCO+zByq2YA4NvUzKXeZ1engh29IDxZXgpQ==",
      "dependencies": {
        "@azure-tools/tasks": "~3.0.255",
        "proper-lockfile": "~2.0.1"
      },
      "engines": {
        "node": ">=10.12.0"
      }
    },
    "node_modules/@azure-tools/autorest-extension-base": {
      "version": "3.1.267",
      "resolved": "https://registry.npmjs.org/@azure-tools/autorest-extension-base/-/autorest-extension-base-3.1.267.tgz",
      "integrity": "sha512-hdDX0Ic3Xg4Jg80uAlnN6J5BN58Xo3Lrkt7uGBpy5Zj2q9cHrQ0y6lY+n3TtDO2ADpyjp8G84H+4lrjsGzn3MQ==",
      "deprecated": "Warning: This package has been renamed to '@autorest/extension-base', please use '@autorest/extension-base' instead.",
      "dependencies": {
        "@azure-tools/codegen": "~2.5.291",
        "js-yaml": "3.13.1",
        "vscode-jsonrpc": "^3.5.0"
      }
    },
    "node_modules/@azure-tools/codegen": {
      "version": "2.5.294",
      "resolved": "https://registry.npmjs.org/@azure-tools/codegen/-/codegen-2.5.294.tgz",
      "integrity": "sha512-WOplS0oiNoZ0jWKkAdUJXAuQB8UzbPsIeJin7LnnzJQseGeU05zQLOUjwi63neAFyW6ninyVjXKaIl+GKOQ5mQ==",
      "dependencies": {
        "@azure-tools/async-io": "~3.0.0",
        "@azure-tools/linq": "~3.1.0",
        "js-yaml": "~4.0.0",
        "semver": "^5.5.1"
      },
      "engines": {
        "node": ">=10.13.0"
      }
    },
    "node_modules/@azure-tools/codegen-csharp": {
      "version": "3.0.264",
      "resolved": "https://registry.npmjs.org/@azure-tools/codegen-csharp/-/codegen-csharp-3.0.264.tgz",
      "integrity": "sha512-LrmBgzjwXBSTE5pZ2l3XSfcmf+tX48RCfDr2MUb+WeKIRBevOrC/nclfKiUyy/LA9NiPIPVFK8noNsvqfSAxNw==",
      "dependencies": {
        "@azure-tools/codegen": "~2.5.0",
        "@azure-tools/linq": "~3.1.263"
      }
    },
    "node_modules/@azure-tools/codegen/node_modules/argparse": {
      "version": "2.0.1",
      "resolved": "https://registry.npmjs.org/argparse/-/argparse-2.0.1.tgz",
      "integrity": "sha512-8+9WqebbFzpX9OR+Wa6O29asIogeRMzcGtAINdpMHHyAg10f05aSFVBbcEqGf/PXw1EjAZ+q2/bEBg3DvurK3Q=="
    },
    "node_modules/@azure-tools/codegen/node_modules/js-yaml": {
      "version": "4.0.0",
      "resolved": "https://registry.npmjs.org/js-yaml/-/js-yaml-4.0.0.tgz",
      "integrity": "sha512-pqon0s+4ScYUvX30wxQi3PogGFAlUyH0awepWvwkj4jD4v+ova3RiYw8bmA6x2rDrEaj8i/oWKoRxpVNW+Re8Q==",
      "dependencies": {
        "argparse": "^2.0.1"
      },
      "bin": {
        "js-yaml": "bin/js-yaml.js"
      }
    },
    "node_modules/@azure-tools/codemodel": {
      "version": "4.13.349",
      "resolved": "https://registry.npmjs.org/@azure-tools/codemodel/-/codemodel-4.13.349.tgz",
      "integrity": "sha512-PhhQ/FXm2mGglLNvmzDc07YXtv8TSnRPoKZX/maKPH3oLJge2dJmrL8JmRPosaDmILh1Zyh/HKhs1Dl/yVKtQw==",
      "deprecated": "Warning: This package has been renamed to '@autorest/codemodel', please use '@autorest/codemodel' instead.",
      "dependencies": {
        "@azure-tools/autorest-extension-base": "~3.1.267",
        "@azure-tools/codegen": "~2.5.291",
        "@azure-tools/linq": "~3.1.262"
      }
    },
    "node_modules/@azure-tools/codemodel-v3": {
      "version": "3.1.266",
      "resolved": "https://registry.npmjs.org/@azure-tools/codemodel-v3/-/codemodel-v3-3.1.266.tgz",
      "integrity": "sha512-walYu+XVRjUDr10F6owVI7p7vJ/X83LNMXCU4Bs2EKCsHyqm4vbfHbesOQhpbUjmdAVo3ASrdO/0p1/iGVB9zA==",
      "dependencies": {
        "@azure-tools/autorest-extension-base": "~3.1.0",
        "@azure-tools/codegen": "~2.5.0",
        "@azure-tools/linq": "~3.1.263"
      }
    },
    "node_modules/@azure-tools/linq": {
      "version": "3.1.263",
      "resolved": "https://registry.npmjs.org/@azure-tools/linq/-/linq-3.1.263.tgz",
      "integrity": "sha512-r104pkF96Sk8MW+PgxWqwiwNXhPbJSkMDcmShu9EDEJem04SM7DnHWmDo8JZR08vHYaecZA126OoGQFe7WikSA==",
      "engines": {
        "node": ">=10.12.0"
      }
    },
    "node_modules/@azure-tools/tasks": {
      "version": "3.0.255",
      "resolved": "https://registry.npmjs.org/@azure-tools/tasks/-/tasks-3.0.255.tgz",
      "integrity": "sha512-GjALNLz7kWMEdRVbaN5g0cJHNAr3XVTbP0611Mv2UzMgGL6FOhNZJK+oPHJKLDR8EEDZNnkwPlyi7B+INXUSQA==",
      "engines": {
        "node": ">=10.12.0"
      }
    },
    "node_modules/argparse": {
      "version": "1.0.10",
      "resolved": "https://registry.npmjs.org/argparse/-/argparse-1.0.10.tgz",
      "integrity": "sha512-o5Roy6tNG4SL/FOkCAN6RzjiakZS25RLYFrcMttJqbdd8BWrnA+fGz57iN5Pb06pvBGvl5gQ0B48dJlslXvoTg==",
      "dependencies": {
        "sprintf-js": "~1.0.2"
      }
    },
    "node_modules/autorest": {
      "version": "3.4.2",
      "resolved": "https://registry.npmjs.org/autorest/-/autorest-3.4.2.tgz",
      "integrity": "sha512-CCYRCScCz+IgEE5apSWvBonM8qFUjbIiTsea46ydHOuVlyRKyHUsJBFtaJIQ8Yq3j5ksNrevDqhRWCnR3q02gA==",
      "hasInstallScript": true,
      "bin": {
        "autorest": "entrypoints/app.js"
      },
      "engines": {
        "node": ">=12.0.0"
      }
    },
    "node_modules/buffer-from": {
      "version": "1.1.2",
      "resolved": "https://registry.npmjs.org/buffer-from/-/buffer-from-1.1.2.tgz",
      "integrity": "sha512-E+XQCRwSbaaiChtv6k6Dwgc+bx+Bs6vuKJHHl5kox/BaKbhiXzqQOwK4cO22yElGp2OCmjwVhT3HmxgyPGnJfQ=="
    },
    "node_modules/esprima": {
      "version": "4.0.1",
      "resolved": "https://registry.npmjs.org/esprima/-/esprima-4.0.1.tgz",
      "integrity": "sha512-eGuFFw7Upda+g4p+QHvnW0RyTX/SVeJBDM/gCtMARO0cLuT2HcEKnTPvhjV6aGeqrCB/sbNop0Kszm0jsaWU4A==",
      "bin": {
        "esparse": "bin/esparse.js",
        "esvalidate": "bin/esvalidate.js"
      },
      "engines": {
        "node": ">=4"
      }
    },
    "node_modules/graceful-fs": {
      "version": "4.2.9",
      "resolved": "https://registry.npmjs.org/graceful-fs/-/graceful-fs-4.2.9.tgz",
      "integrity": "sha512-NtNxqUcXgpW2iMrfqSfR73Glt39K+BLwWsPs94yR63v45T0Wbej7eRmL5cWfwEgqXnmjQp3zaJTshdRW/qC2ZQ=="
    },
    "node_modules/js-yaml": {
      "version": "3.13.1",
      "resolved": "https://registry.npmjs.org/js-yaml/-/js-yaml-3.13.1.tgz",
      "integrity": "sha512-YfbcO7jXDdyj0DGxYVSlSeQNHbD7XPWvrVWeVUujrQEoZzWJIRrCPoyk6kL6IAjAG2IolMK4T0hNUe0HOUs5Jw==",
      "dependencies": {
        "argparse": "^1.0.7",
        "esprima": "^4.0.0"
      },
      "bin": {
        "js-yaml": "bin/js-yaml.js"
      }
    },
    "node_modules/proper-lockfile": {
      "version": "2.0.1",
      "resolved": "https://registry.npmjs.org/proper-lockfile/-/proper-lockfile-2.0.1.tgz",
      "integrity": "sha1-FZ+wYZPTIAP0s2kd0uwaY0qoDR0=",
      "dependencies": {
        "graceful-fs": "^4.1.2",
        "retry": "^0.10.0"
      },
      "engines": {
        "node": ">=4.0.0"
      }
    },
    "node_modules/retry": {
      "version": "0.10.1",
      "resolved": "https://registry.npmjs.org/retry/-/retry-0.10.1.tgz",
      "integrity": "sha1-52OI0heZLCUnUCQdPTlW/tmNj/Q=",
      "engines": {
        "node": "*"
      }
    },
    "node_modules/semver": {
      "version": "5.7.2",
      "resolved": "https://registry.npmjs.org/semver/-/semver-5.7.2.tgz",
      "integrity": "sha512-cBznnQ9KjJqU67B52RMC65CMarK2600WFnbkcaiwWq3xy/5haFJlshgnpjovMVJ+Hff49d8GEn0b87C5pDQ10g==",
      "bin": {
        "semver": "bin/semver"
      }
    },
    "node_modules/source-map": {
      "version": "0.6.1",
      "resolved": "https://registry.npmjs.org/source-map/-/source-map-0.6.1.tgz",
      "integrity": "sha512-UjgapumWlbMhkBgzT7Ykc5YXUT46F0iKu8SGXq0bcwP5dz/h0Plj6enJqjz1Zbq2l5WaqYnrVbwWOWMyF3F47g==",
      "engines": {
        "node": ">=0.10.0"
      }
    },
    "node_modules/source-map-support": {
      "version": "0.5.13",
      "resolved": "https://registry.npmjs.org/source-map-support/-/source-map-support-0.5.13.tgz",
      "integrity": "sha512-SHSKFHadjVA5oR4PPqhtAVdcBWwRYVd6g6cAXnIbRiIwc2EhPrTuKUBdSLvlEKyIP3GCf89fltvcZiP9MMFA1w==",
      "dependencies": {
        "buffer-from": "^1.0.0",
        "source-map": "^0.6.0"
      }
    },
    "node_modules/sprintf-js": {
      "version": "1.0.3",
      "resolved": "https://registry.npmjs.org/sprintf-js/-/sprintf-js-1.0.3.tgz",
      "integrity": "sha1-BOaSb2YolTVPPdAVIDYzuFcpfiw="
    },
    "node_modules/vscode-jsonrpc": {
      "version": "3.6.2",
      "resolved": "https://registry.npmjs.org/vscode-jsonrpc/-/vscode-jsonrpc-3.6.2.tgz",
      "integrity": "sha512-T24Jb5V48e4VgYliUXMnZ379ItbrXgOimweKaJshD84z+8q7ZOZjJan0MeDe+Ugb+uqERDVV8SBmemaGMSMugA==",
      "engines": {
        "node": ">=4.0.0 || >=6.0.0"
      }
    },
    "node_modules/xmlbuilder": {
      "version": "10.1.1",
      "resolved": "https://registry.npmjs.org/xmlbuilder/-/xmlbuilder-10.1.1.tgz",
      "integrity": "sha512-OyzrcFLL/nb6fMGHbiRDuPup9ljBycsdCypwuyg5AAHvyWzGfChJpCXMG88AGTIMFhGZ9RccFN1e6lhg3hkwKg==",
      "engines": {
        "node": ">=4.0"
      }
    }
  }
}
